
Microsoft Visual Studio Solution File, Format Version 11.00
# Visual Studio 2010
Project("{FAE04EC0-301F-11D3-BF4B-00C04F79EFBC}") = "Presentacion", "Prueba2\Presentacion.csproj", "{D8A2D1F1-80A5-4E89-BC72-71FA8B5CE3D6}"
EndProject
Project("{FAE04EC0-301F-11D3-BF4B-00C04F79EFBC}") = "Datos", "Datos\Datos.csproj", "{8D1BF585-E9BF-44A0-B1B0-CF223B1B854E}"
EndProject
Project("{FAE04EC0-301F-11D3-BF4B-00C04F79EFBC}") = "Negocio", "Negocio\Negocio.csproj", "{DAF03E83-4BD9-4C25-9120-2B62D040534C}"
EndProject
Global
	GlobalSection(SolutionConfigurationPlatforms) = preSolution
		Debug|Any CPU = Debug|Any CPU
		Release|Any CPU = Release|Any CPU
	EndGlobalSection
	GlobalSection(ProjectConfigurationPlatforms) = postSolution
		{D8A2D1F1-80A5-4E89-BC72-71FA8B5CE3D6}.Debug|Any CPU.ActiveCfg = Debug|Any CPU
		{D8A2D1F1-80A5-4E89-BC72-71FA8B5CE3D6}.Debug|Any CPU.Build.0 = Debug|Any CPU
		{D8A2D1F1-80A5-4E89-BC72-71FA8B5CE3D6}.Release|Any CPU.ActiveCfg = Release|Any CPU
		{D8A2D1F1-80A5-4E89-BC72-71FA8B5CE3D6}.Release|Any CPU.Build.0 = Release|Any CPU
		{8D1BF585-E9BF-44A0-B1B0-CF223B1B854E}.Debug|Any CPU.ActiveCfg = Debug|Any CPU
		{8D1BF585-E9BF-44A0-B1B0-CF223B1B854E}.Debug|Any CPU.Build.0 = Debug|Any CPU
		{8D1BF585-E9BF-44A0-B1B0-CF223B1B854E}.Release|Any CPU.ActiveCfg = Release|Any CPU
		{8D1BF585-E9BF-44A0-B1B0-CF223B1B854E}.Release|Any CPU.Build.0 = Release|Any CPU
		{DAF03E83-4BD9-4C25-9120-2B62D040534C}.Debug|Any CPU.ActiveCfg = Debug|Any CPU
		{DAF03E83-4BD9-4C25-9120-2B62D040534C}.Debug|Any CPU.Build.0 = Debug|Any CPU
		{DAF03E83-4BD9-4C25-9120-2B62D040534C}.Release|Any CPU.ActiveCfg = Release|Any CPU
		{DAF03E83-4BD9-4C25-9120-2B62D040534C}.Release|Any CPU.Build.0 = Release|Any CPU
	EndGlobalSection
	GlobalSection(SolutionProperties) = preSolution
		HideSolutionNode = FALSE
	EndGlobalSection
EndGlobal
